
Microsoft Visual Studio Solution File, Format Version 12.00
# Visual Studio Version 16
VisualStudioVersion = 16.0.30907.101
MinimumVisualStudioVersion = 10.0.40219.1
Project("{9A19103F-16F7-4668-BE54-9A1E7A4F7556}") = "KnxService5", "KnxService5\KnxService5.csproj", "{6ED5C685-D078-4BDB-9B17-F7797149D131}"
EndProject
Project("{9A19103F-16F7-4668-BE54-9A1E7A4F7556}") = "KnxServiceTest", "KnxServiceTest\KnxServiceTest.csproj", "{B7A625C3-28BE-4EB8-8B1D-C5937B23CF80}"
EndProject
Global
	GlobalSection(SolutionConfigurationPlatforms) = preSolution
		Debug|Any CPU = Debug|Any CPU
		Release|Any CPU = Release|Any CPU
	EndGlobalSection
	GlobalSection(ProjectConfigurationPlatforms) = postSolution
		{6ED5C685-D078-4BDB-9B17-F7797149D131}.Debug|Any CPU.ActiveCfg = Debug|Any CPU
		{6ED5C685-D078-4BDB-9B17-F7797149D131}.Debug|Any CPU.Build.0 = Debug|Any CPU
		{6ED5C685-D078-4BDB-9B17-F7797149D131}.Release|Any CPU.ActiveCfg = Release|Any CPU
		{6ED5C685-D078-4BDB-9B17-F7797149D131}.Release|Any CPU.Build.0 = Release|Any CPU
		{B7A625C3-28BE-4EB8-8B1D-C5937B23CF80}.Debug|Any CPU.ActiveCfg = Debug|Any CPU
		{B7A625C3-28BE-4EB8-8B1D-C5937B23CF80}.Debug|Any CPU.Build.0 = Debug|Any CPU
		{B7A625C3-28BE-4EB8-8B1D-C5937B23CF80}.Release|Any CPU.ActiveCfg = Release|Any CPU
		{B7A625C3-28BE-4EB8-8B1D-C5937B23CF80}.Release|Any CPU.Build.0 = Release|Any CPU
	EndGlobalSection
	GlobalSection(SolutionProperties) = preSolution
		HideSolutionNode = FALSE
	EndGlobalSection
	GlobalSection(ExtensibilityGlobals) = postSolution
		SolutionGuid = {77A0D94E-74EA-4CFB-92DB-F11AB8548B3B}
	EndGlobalSection
EndGlobal
